{"filter":false,"title":"package-lock.json","tooltip":"/node/weather/package-lock.json","undoManager":{"mark":-1,"position":-1,"stack":[]},"ace":{"folds":[],"scrolltop":6660,"scrollleft":0,"selection":{"start":{"row":392,"column":25},"end":{"row":392,"column":25},"isBackwards":false},"options":{"guessTabSize":true,"useWrapMode":false,"wrapToView":true},"firstLineState":{"row":369,"state":"start","mode":"ace/mode/json"}},"timestamp":1688021467326,"hash":"afd1e3329bd0b799882ffbacc0f0dec2a9aed0ba"}